
Microsoft Visual Studio Solution File, Format Version 12.00
# Visual Studio Version 17
VisualStudioVersion = 17.13.35919.96
MinimumVisualStudioVersion = 10.0.40219.1
Project("{FAE04EC0-301F-11D3-BF4B-00C04F79EFBC}") = "Dfa(problem_1)", "Dfa(problem_1)\Dfa(problem_1).csproj", "{548ED3BC-3F8B-45A3-AF24-F7ADFF3E1181}"
EndProject
Project("{FAE04EC0-301F-11D3-BF4B-00C04F79EFBC}") = "Dfa_Test", "Dfa_Test\Dfa_Test.csproj", "{B7FAD11B-38BE-41FE-B448-1924B94061B0}"
EndProject
Project("{FAE04EC0-301F-11D3-BF4B-00C04F79EFBC}") = "PDa(problem2)", "PDa(problem2)\PDa(problem2).csproj", "{0B3112E6-ED19-4400-84A7-D63AD5284C7C}"
EndProject
Project("{FAE04EC0-301F-11D3-BF4B-00C04F79EFBC}") = "Pda_Test", "Pda_Test\Pda_Test.csproj", "{9E9B9279-FEBD-4E3A-A77D-11D31B3867B4}"
EndProject
Project("{FAE04EC0-301F-11D3-BF4B-00C04F79EFBC}") = "Turing_Machine(problem3)", "Turing_Machine(problem3)\Turing_Machine(problem3).csproj", "{AE91462E-A166-43E9-9A79-74525E5F9179}"
EndProject
Project("{FAE04EC0-301F-11D3-BF4B-00C04F79EFBC}") = "Turing_Machine_Test", "Turing_Machine_Test\Turing_Machine_Test.csproj", "{065A14ED-F4CA-4FEA-9870-9636A87FD8CF}"
EndProject
Global
	GlobalSection(SolutionConfigurationPlatforms) = preSolution
		Debug|Any CPU = Debug|Any CPU
		Release|Any CPU = Release|Any CPU
	EndGlobalSection
	GlobalSection(ProjectConfigurationPlatforms) = postSolution
		{548ED3BC-3F8B-45A3-AF24-F7ADFF3E1181}.Debug|Any CPU.ActiveCfg = Debug|Any CPU
		{548ED3BC-3F8B-45A3-AF24-F7ADFF3E1181}.Debug|Any CPU.Build.0 = Debug|Any CPU
		{548ED3BC-3F8B-45A3-AF24-F7ADFF3E1181}.Release|Any CPU.ActiveCfg = Release|Any CPU
		{548ED3BC-3F8B-45A3-AF24-F7ADFF3E1181}.Release|Any CPU.Build.0 = Release|Any CPU
		{B7FAD11B-38BE-41FE-B448-1924B94061B0}.Debug|Any CPU.ActiveCfg = Debug|Any CPU
		{B7FAD11B-38BE-41FE-B448-1924B94061B0}.Debug|Any CPU.Build.0 = Debug|Any CPU
		{B7FAD11B-38BE-41FE-B448-1924B94061B0}.Release|Any CPU.ActiveCfg = Release|Any CPU
		{B7FAD11B-38BE-41FE-B448-1924B94061B0}.Release|Any CPU.Build.0 = Release|Any CPU
		{0B3112E6-ED19-4400-84A7-D63AD5284C7C}.Debug|Any CPU.ActiveCfg = Debug|Any CPU
		{0B3112E6-ED19-4400-84A7-D63AD5284C7C}.Debug|Any CPU.Build.0 = Debug|Any CPU
		{0B3112E6-ED19-4400-84A7-D63AD5284C7C}.Release|Any CPU.ActiveCfg = Release|Any CPU
		{0B3112E6-ED19-4400-84A7-D63AD5284C7C}.Release|Any CPU.Build.0 = Release|Any CPU
		{9E9B9279-FEBD-4E3A-A77D-11D31B3867B4}.Debug|Any CPU.ActiveCfg = Debug|Any CPU
		{9E9B9279-FEBD-4E3A-A77D-11D31B3867B4}.Debug|Any CPU.Build.0 = Debug|Any CPU
		{9E9B9279-FEBD-4E3A-A77D-11D31B3867B4}.Release|Any CPU.ActiveCfg = Release|Any CPU
		{9E9B9279-FEBD-4E3A-A77D-11D31B3867B4}.Release|Any CPU.Build.0 = Release|Any CPU
		{AE91462E-A166-43E9-9A79-74525E5F9179}.Debug|Any CPU.ActiveCfg = Debug|Any CPU
		{AE91462E-A166-43E9-9A79-74525E5F9179}.Debug|Any CPU.Build.0 = Debug|Any CPU
		{AE91462E-A166-43E9-9A79-74525E5F9179}.Release|Any CPU.ActiveCfg = Release|Any CPU
		{AE91462E-A166-43E9-9A79-74525E5F9179}.Release|Any CPU.Build.0 = Release|Any CPU
		{065A14ED-F4CA-4FEA-9870-9636A87FD8CF}.Debug|Any CPU.ActiveCfg = Debug|Any CPU
		{065A14ED-F4CA-4FEA-9870-9636A87FD8CF}.Debug|Any CPU.Build.0 = Debug|Any CPU
		{065A14ED-F4CA-4FEA-9870-9636A87FD8CF}.Release|Any CPU.ActiveCfg = Release|Any CPU
		{065A14ED-F4CA-4FEA-9870-9636A87FD8CF}.Release|Any CPU.Build.0 = Release|Any CPU
	EndGlobalSection
	GlobalSection(SolutionProperties) = preSolution
		HideSolutionNode = FALSE
	EndGlobalSection
	GlobalSection(ExtensibilityGlobals) = postSolution
		SolutionGuid = {13A35491-27B5-4F32-976D-3528DCC20998}
	EndGlobalSection
EndGlobal
